
Microsoft Visual Studio Solution File, Format Version 12.00
# Visual Studio Version 17
VisualStudioVersion = 17.0.31903.59
MinimumVisualStudioVersion = 10.0.40219.1
Project("{FAE04EC0-301F-11D3-BF4B-00C04F79EFBC}") = "PcTest.Contracts", "src\PcTest.Contracts\PcTest.Contracts.csproj", "{A1B2C3D4-1111-1111-1111-111111111111}"
EndProject
Project("{FAE04EC0-301F-11D3-BF4B-00C04F79EFBC}") = "PcTest.Engine", "src\PcTest.Engine\PcTest.Engine.csproj", "{A1B2C3D4-2222-2222-2222-222222222222}"
EndProject
Project("{FAE04EC0-301F-11D3-BF4B-00C04F79EFBC}") = "PcTest.Runner", "src\PcTest.Runner\PcTest.Runner.csproj", "{A1B2C3D4-3333-3333-3333-333333333333}"
EndProject
Project("{FAE04EC0-301F-11D3-BF4B-00C04F79EFBC}") = "PcTest.Cli", "src\PcTest.Cli\PcTest.Cli.csproj", "{A1B2C3D4-4444-4444-4444-444444444444}"
EndProject
Project("{FAE04EC0-301F-11D3-BF4B-00C04F79EFBC}") = "PcTest.Contracts.Tests", "tests\PcTest.Contracts.Tests\PcTest.Contracts.Tests.csproj", "{A1B2C3D4-5555-5555-5555-555555555555}"
EndProject
Project("{FAE04EC0-301F-11D3-BF4B-00C04F79EFBC}") = "PcTest.Engine.Tests", "tests\PcTest.Engine.Tests\PcTest.Engine.Tests.csproj", "{A1B2C3D4-6666-6666-6666-666666666666}"
EndProject
Project("{FAE04EC0-301F-11D3-BF4B-00C04F79EFBC}") = "PcTest.Runner.Tests", "tests\PcTest.Runner.Tests\PcTest.Runner.Tests.csproj", "{A1B2C3D4-7777-7777-7777-777777777777}"
EndProject
Project("{FAE04EC0-301F-11D3-BF4B-00C04F79EFBC}") = "PcTest.Ui", "src\PcTest.Ui\PcTest.Ui.csproj", "{A1B2C3D4-8888-8888-8888-888888888888}"
EndProject
Project("{FAE04EC0-301F-11D3-BF4B-00C04F79EFBC}") = "PcTest.Ui.Tests", "tests\PcTest.Ui.Tests\PcTest.Ui.Tests.csproj", "{A1B2C3D4-9999-9999-9999-999999999999}"
EndProject
Global
	GlobalSection(SolutionConfigurationPlatforms) = preSolution
		Debug|Any CPU = Debug|Any CPU
		Release|Any CPU = Release|Any CPU
	EndGlobalSection
	GlobalSection(ProjectConfigurationPlatforms) = postSolution
		{A1B2C3D4-1111-1111-1111-111111111111}.Debug|Any CPU.ActiveCfg = Debug|Any CPU
		{A1B2C3D4-1111-1111-1111-111111111111}.Debug|Any CPU.Build.0 = Debug|Any CPU
		{A1B2C3D4-1111-1111-1111-111111111111}.Release|Any CPU.ActiveCfg = Release|Any CPU
		{A1B2C3D4-1111-1111-1111-111111111111}.Release|Any CPU.Build.0 = Release|Any CPU
		{A1B2C3D4-2222-2222-2222-222222222222}.Debug|Any CPU.ActiveCfg = Debug|Any CPU
		{A1B2C3D4-2222-2222-2222-222222222222}.Debug|Any CPU.Build.0 = Debug|Any CPU
		{A1B2C3D4-2222-2222-2222-222222222222}.Release|Any CPU.ActiveCfg = Release|Any CPU
		{A1B2C3D4-2222-2222-2222-222222222222}.Release|Any CPU.Build.0 = Release|Any CPU
		{A1B2C3D4-3333-3333-3333-333333333333}.Debug|Any CPU.ActiveCfg = Debug|Any CPU
		{A1B2C3D4-3333-3333-3333-333333333333}.Debug|Any CPU.Build.0 = Debug|Any CPU
		{A1B2C3D4-3333-3333-3333-333333333333}.Release|Any CPU.ActiveCfg = Release|Any CPU
		{A1B2C3D4-3333-3333-3333-333333333333}.Release|Any CPU.Build.0 = Release|Any CPU
		{A1B2C3D4-4444-4444-4444-444444444444}.Debug|Any CPU.ActiveCfg = Debug|Any CPU
		{A1B2C3D4-4444-4444-4444-444444444444}.Debug|Any CPU.Build.0 = Debug|Any CPU
		{A1B2C3D4-4444-4444-4444-444444444444}.Release|Any CPU.ActiveCfg = Release|Any CPU
		{A1B2C3D4-4444-4444-4444-444444444444}.Release|Any CPU.Build.0 = Release|Any CPU
		{A1B2C3D4-5555-5555-5555-555555555555}.Debug|Any CPU.ActiveCfg = Debug|Any CPU
		{A1B2C3D4-5555-5555-5555-555555555555}.Debug|Any CPU.Build.0 = Debug|Any CPU
		{A1B2C3D4-5555-5555-5555-555555555555}.Release|Any CPU.ActiveCfg = Release|Any CPU
		{A1B2C3D4-5555-5555-5555-555555555555}.Release|Any CPU.Build.0 = Release|Any CPU
		{A1B2C3D4-6666-6666-6666-666666666666}.Debug|Any CPU.ActiveCfg = Debug|Any CPU
		{A1B2C3D4-6666-6666-6666-666666666666}.Debug|Any CPU.Build.0 = Debug|Any CPU
		{A1B2C3D4-6666-6666-6666-666666666666}.Release|Any CPU.ActiveCfg = Release|Any CPU
		{A1B2C3D4-6666-6666-6666-666222222222}.Release|Any CPU.Build.0 = Release|Any CPU
		{A1B2C3D4-7777-7777-7777-777777777777}.Debug|Any CPU.ActiveCfg = Debug|Any CPU
		{A1B2C3D4-7777-7777-7777-777777777777}.Debug|Any CPU.Build.0 = Debug|Any CPU
		{A1B2C3D4-7777-7777-7777-777777777777}.Release|Any CPU.ActiveCfg = Release|Any CPU
		{A1B2C3D4-7777-7777-7777-777777777777}.Release|Any CPU.Build.0 = Release|Any CPU
		{A1B2C3D4-8888-8888-8888-888888888888}.Debug|Any CPU.ActiveCfg = Debug|Any CPU
		{A1B2C3D4-8888-8888-8888-888888888888}.Debug|Any CPU.Build.0 = Debug|Any CPU
		{A1B2C3D4-8888-8888-8888-888888888888}.Release|Any CPU.ActiveCfg = Release|Any CPU
		{A1B2C3D4-8888-8888-8888-888888888888}.Release|Any CPU.Build.0 = Release|Any CPU
		{A1B2C3D4-9999-9999-9999-999999999999}.Debug|Any CPU.ActiveCfg = Debug|Any CPU
		{A1B2C3D4-9999-9999-9999-999999999999}.Debug|Any CPU.Build.0 = Debug|Any CPU
		{A1B2C3D4-9999-9999-9999-999999999999}.Release|Any CPU.ActiveCfg = Release|Any CPU
		{A1B2C3D4-9999-9999-9999-999999999999}.Release|Any CPU.Build.0 = Release|Any CPU
	EndGlobalSection
EndGlobal
